// !$*UTF8*$!
{
	archiveVersion = 1;
	classes = {
	};
	objectVersion = 46;
	objects = {

/* Begin PBXBuildFile section */
		BEF7138D1E2E6642007A07C3 /* OpenGL.framework in Frameworks */ = {isa = PBXBuildFile; fileRef = BEF7138C1E2E6642007A07C3 /* OpenGL.framework */; };
		BEF7138F1E2E664A007A07C3 /* GLUT.framework in Frameworks */ = {isa = PBXBuildFile; fileRef = BEF7138E1E2E664A007A07C3 /* GLUT.framework */; };
		BEF713901E2E66C0007A07C3 /* Common in Sources */ = {isa = PBXBuildFile; fileRef = BEF713881E2E6617007A07C3 /* Common */; };
		BEF713911E2E66C0007A07C3 /* HW1_Code in Sources */ = {isa = PBXBuildFile; fileRef = BEF713891E2E6617007A07C3 /* HW1_Code */; };
		BEF713921E2E66C0007A07C3 /* include in Sources */ = {isa = PBXBuildFile; fileRef = BEF7138A1E2E6617007A07C3 /* include */; };
/* End PBXBuildFile section */

/* Begin PBXCopyFilesBuildPhase section */
		BEF7137C1E2E65E6007A07C3 /* CopyFiles */ = {
			isa = PBXCopyFilesBuildPhase;
			buildActionMask = 2147483647;
			dstPath = /usr/share/man/man1/;
			dstSubfolderSpec = 0;
			files = (
			);
			runOnlyForDeploymentPostprocessing = 1;
		};
		BEF713951E2E6772007A07C3 /* CopyFiles */ = {
			isa = PBXCopyFilesBuildPhase;
			buildActionMask = 2147483647;
			dstPath = /usr/share/man/man1/;
			dstSubfolderSpec = 0;
			files = (
			);
			runOnlyForDeploymentPostprocessing = 1;
		};
/* End PBXCopyFilesBuildPhase section */

/* Begin PBXFileReference section */
		BEF713881E2E6617007A07C3 /* Common */ = {isa = PBXFileReference; lastKnownFileType = folder; path = Common; sourceTree = "<group>"; };
		BEF713891E2E6617007A07C3 /* HW1_Code */ = {isa = PBXFileReference; lastKnownFileType = folder; path = HW1_Code; sourceTree = "<group>"; };
		BEF7138A1E2E6617007A07C3 /* include */ = {isa = PBXFileReference; lastKnownFileType = folder; path = include; sourceTree = "<group>"; };
		BEF7138C1E2E6642007A07C3 /* OpenGL.framework */ = {isa = PBXFileReference; lastKnownFileType = wrapper.framework; name = OpenGL.framework; path = System/Library/Frameworks/OpenGL.framework; sourceTree = SDKROOT; };
		BEF7138E1E2E664A007A07C3 /* GLUT.framework */ = {isa = PBXFileReference; lastKnownFileType = wrapper.framework; name = GLUT.framework; path = System/Library/Frameworks/GLUT.framework; sourceTree = SDKROOT; };
		BEF713B21E2E6A71007A07C3 /* Assignment2 */ = {isa = PBXFileReference; explicitFileType = "compiled.mach-o.executable"; includeInIndex = 0; name = Assignment2; path = /Users/josephheenan/CS537/Assignment2/Assignment2/build/Debug/Assignment2; sourceTree = "<absolute>"; };
		BEF713B31E2E6A71007A07C3 /* Assignment2Binary */ = {isa = PBXFileReference; explicitFileType = "compiled.mach-o.executable"; includeInIndex = 0; name = Assignment2Binary; path = /Users/josephheenan/CS537/Assignment2/Assignment2/build/Debug/Assignment2Binary; sourceTree = "<absolute>"; };
/* End PBXFileReference section */

/* Begin PBXFrameworksBuildPhase section */
		BEF7137B1E2E65E6007A07C3 /* Frameworks */ = {
			isa = PBXFrameworksBuildPhase;
			buildActionMask = 2147483647;
			files = (
				BEF7138F1E2E664A007A07C3 /* GLUT.framework in Frameworks */,
				BEF7138D1E2E6642007A07C3 /* OpenGL.framework in Frameworks */,
			);
			runOnlyForDeploymentPostprocessing = 0;
		};
		BEF713941E2E6772007A07C3 /* Frameworks */ = {
			isa = PBXFrameworksBuildPhase;
			buildActionMask = 2147483647;
			files = (
			);
			runOnlyForDeploymentPostprocessing = 0;
		};
/* End PBXFrameworksBuildPhase section */

/* Begin PBXGroup section */
		BEF713751E2E65E6007A07C3 = {
			isa = PBXGroup;
			children = (
				BEF713801E2E65E6007A07C3 /* Assignment2 */,
				BEF7138B1E2E6642007A07C3 /* Frameworks */,
			);
			sourceTree = "<group>";
		};
		BEF713801E2E65E6007A07C3 /* Assignment2 */ = {
			isa = PBXGroup;
			children = (
				BEF713881E2E6617007A07C3 /* Common */,
				BEF713891E2E6617007A07C3 /* HW1_Code */,
				BEF7138A1E2E6617007A07C3 /* include */,
			);
			path = Assignment2;
			sourceTree = "<group>";
		};
		BEF7138B1E2E6642007A07C3 /* Frameworks */ = {
			isa = PBXGroup;
			children = (
				BEF7138E1E2E664A007A07C3 /* GLUT.framework */,
				BEF7138C1E2E6642007A07C3 /* OpenGL.framework */,
			);
			name = Frameworks;
			sourceTree = "<group>";
		};
/* End PBXGroup section */

/* Begin PBXNativeTarget section */
		BEF7137D1E2E65E6007A07C3 /* Assignment2 */ = {
			isa = PBXNativeTarget;
			buildConfigurationList = BEF713851E2E65E6007A07C3 /* Build configuration list for PBXNativeTarget "Assignment2" */;
			buildPhases = (
				BEF7137A1E2E65E6007A07C3 /* Sources */,
				BEF7137B1E2E65E6007A07C3 /* Frameworks */,
				BEF7137C1E2E65E6007A07C3 /* CopyFiles */,
			);
			buildRules = (
			);
			dependencies = (
			);
			name = Assignment2;
			productName = Assignment2;
			productReference = BEF713B21E2E6A71007A07C3 /* Assignment2 */;
			productType = "com.apple.product-type.tool";
		};
		BEF713961E2E6772007A07C3 /* Assignment2Binary */ = {
			isa = PBXNativeTarget;
			buildConfigurationList = BEF7139B1E2E6772007A07C3 /* Build configuration list for PBXNativeTarget "Assignment2Binary" */;
			buildPhases = (
				BEF713931E2E6772007A07C3 /* Sources */,
				BEF713941E2E6772007A07C3 /* Frameworks */,
				BEF713951E2E6772007A07C3 /* CopyFiles */,
			);
			buildRules = (
			);
			dependencies = (
			);
			name = Assignment2Binary;
			productName = Assignment2Binary;
			productReference = BEF713B31E2E6A71007A07C3 /* Assignment2Binary */;
			productType = "com.apple.product-type.tool";
		};
/* End PBXNativeTarget section */

/* Begin PBXProject section */
		BEF713761E2E65E6007A07C3 /* Project object */ = {
			isa = PBXProject;
			attributes = {
				LastUpgradeCheck = 0810;
				ORGANIZATIONNAME = "Joseph Heenan";
				TargetAttributes = {
					BEF7137D1E2E65E6007A07C3 = {
						CreatedOnToolsVersion = 8.1;
						ProvisioningStyle = Automatic;
					};
					BEF713961E2E6772007A07C3 = {
						CreatedOnToolsVersion = 8.1;
						ProvisioningStyle = Automatic;
					};
				};
			};
			buildConfigurationList = BEF713791E2E65E6007A07C3 /* Build configuration list for PBXProject "Assignment2" */;
			compatibilityVersion = "Xcode 3.2";
			developmentRegion = English;
			hasScannedForEncodings = 0;
			knownRegions = (
				en,
			);
			mainGroup = BEF713751E2E65E6007A07C3;
			productRefGroup = BEF713751E2E65E6007A07C3;
			projectDirPath = "";
			projectRoot = "";
			targets = (
				BEF7137D1E2E65E6007A07C3 /* Assignment2 */,
				BEF713961E2E6772007A07C3 /* Assignment2Binary */,
			);
		};
/* End PBXProject section */

/* Begin PBXSourcesBuildPhase section */
		BEF7137A1E2E65E6007A07C3 /* Sources */ = {
			isa = PBXSourcesBuildPhase;
			buildActionMask = 2147483647;
			files = (
				BEF713901E2E66C0007A07C3 /* Common in Sources */,
				BEF713911E2E66C0007A07C3 /* HW1_Code in Sources */,
				BEF713921E2E66C0007A07C3 /* include in Sources */,
			);
			runOnlyForDeploymentPostprocessing = 0;
		};
		BEF713931E2E6772007A07C3 /* Sources */ = {
			isa = PBXSourcesBuildPhase;
			buildActionMask = 2147483647;
			files = (
			);
			runOnlyForDeploymentPostprocessing = 0;
		};
/* End PBXSourcesBuildPhase section */

/* Begin XCBuildConfiguration section */
		BEF713831E2E65E6007A07C3 /* Debug */ = {
			isa = XCBuildConfiguration;
			buildSettings = {
				ALWAYS_SEARCH_USER_PATHS = NO;
				CLANG_ANALYZER_NONNULL = YES;
				CLANG_CXX_LANGUAGE_STANDARD = "gnu++0x";
				CLANG_CXX_LIBRARY = "libc++";
				CLANG_ENABLE_MODULES = YES;
				CLANG_ENABLE_OBJC_ARC = YES;
				CLANG_WARN_BOOL_CONVERSION = YES;
				CLANG_WARN_CONSTANT_CONVERSION = YES;
				CLANG_WARN_DIRECT_OBJC_ISA_USAGE = YES_ERROR;
				CLANG_WARN_DOCUMENTATION_COMMENTS = YES;
				CLANG_WARN_EMPTY_BODY = YES;
				CLANG_WARN_ENUM_CONVERSION = YES;
				CLANG_WARN_INFINITE_RECURSION = YES;
				CLANG_WARN_INT_CONVERSION = YES;
				CLANG_WARN_OBJC_ROOT_CLASS = YES_ERROR;
				CLANG_WARN_SUSPICIOUS_MOVES = YES;
				CLANG_WARN_UNREACHABLE_CODE = YES;
				CLANG_WARN__DUPLICATE_METHOD_MATCH = YES;
				CODE_SIGN_IDENTITY = "-";
				COPY_PHASE_STRIP = NO;
				DEBUG_INFORMATION_FORMAT = dwarf;
				ENABLE_STRICT_OBJC_MSGSEND = YES;
				ENABLE_TESTABILITY = YES;
				GCC_C_LANGUAGE_STANDARD = gnu99;
				GCC_DYNAMIC_NO_PIC = NO;
				GCC_NO_COMMON_BLOCKS = YES;
				GCC_OPTIMIZATION_LEVEL = 0;
				GCC_PREPROCESSOR_DEFINITIONS = (
					"DEBUG=1",
					"$(inherited)",
				);
				GCC_WARN_64_TO_32_BIT_CONVERSION = YES;
				GCC_WARN_ABOUT_RETURN_TYPE = YES_ERROR;
				GCC_WARN_UNDECLARED_SELECTOR = YES;
				GCC_WARN_UNINITIALIZED_AUTOS = YES_AGGRESSIVE;
				GCC_WARN_UNUSED_FUNCTION = YES;
				GCC_WARN_UNUSED_VARIABLE = YES;
				MACOSX_DEPLOYMENT_TARGET = 10.12;
				MTL_ENABLE_DEBUG_INFO = YES;
				ONLY_ACTIVE_ARCH = YES;
				SDKROOT = macosx;
			};
			name = Debug;
		};
		BEF713841E2E65E6007A07C3 /* Release */ = {
			isa = XCBuildConfiguration;
			buildSettings = {
				ALWAYS_SEARCH_USER_PATHS = NO;
				CLANG_ANALYZER_NONNULL = YES;
				CLANG_CXX_LANGUAGE_STANDARD = "gnu++0x";
				CLANG_CXX_LIBRARY = "libc++";
				CLANG_ENABLE_MODULES = YES;
				CLANG_ENABLE_OBJC_ARC = YES;
				CLANG_WARN_BOOL_CONVERSION = YES;
				CLANG_WARN_CONSTANT_CONVERSION = YES;
				CLANG_WARN_DIRECT_OBJC_ISA_USAGE = YES_ERROR;
				CLANG_WARN_DOCUMENTATION_COMMENTS = YES;
				CLANG_WARN_EMPTY_BODY = YES;
				CLANG_WARN_ENUM_CONVERSION = YES;
				CLANG_WARN_INFINITE_RECURSION = YES;
				CLANG_WARN_INT_CONVERSION = YES;
				CLANG_WARN_OBJC_ROOT_CLASS = YES_ERROR;
				CLANG_WARN_SUSPICIOUS_MOVES = YES;
				CLANG_WARN_UNREACHABLE_CODE = YES;
				CLANG_WARN__DUPLICATE_METHOD_MATCH = YES;
				CODE_SIGN_IDENTITY = "-";
				COPY_PHASE_STRIP = NO;
				DEBUG_INFORMATION_FORMAT = "dwarf-with-dsym";
				ENABLE_NS_ASSERTIONS = NO;
				ENABLE_STRICT_OBJC_MSGSEND = YES;
				GCC_C_LANGUAGE_STANDARD = gnu99;
				GCC_NO_COMMON_BLOCKS = YES;
				GCC_WARN_64_TO_32_BIT_CONVERSION = YES;
				GCC_WARN_ABOUT_RETURN_TYPE = YES_ERROR;
				GCC_WARN_UNDECLARED_SELECTOR = YES;
				GCC_WARN_UNINITIALIZED_AUTOS = YES_AGGRESSIVE;
				GCC_WARN_UNUSED_FUNCTION = YES;
				GCC_WARN_UNUSED_VARIABLE = YES;
				MACOSX_DEPLOYMENT_TARGET = 10.12;
				MTL_ENABLE_DEBUG_INFO = NO;
				SDKROOT = macosx;
			};
			name = Release;
		};
		BEF713861E2E65E6007A07C3 /* Debug */ = {
			isa = XCBuildConfiguration;
			buildSettings = {
				PRODUCT_NAME = "$(TARGET_NAME)";
			};
			name = Debug;
		};
		BEF713871E2E65E6007A07C3 /* Release */ = {
			isa = XCBuildConfiguration;
			buildSettings = {
				PRODUCT_NAME = "$(TARGET_NAME)";
			};
			name = Release;
		};
		BEF7139C1E2E6772007A07C3 /* Debug */ = {
			isa = XCBuildConfiguration;
			buildSettings = {
				PRODUCT_NAME = "$(TARGET_NAME)";
			};
			name = Debug;
		};
		BEF7139D1E2E6772007A07C3 /* Release */ = {
			isa = XCBuildConfiguration;
			buildSettings = {
				PRODUCT_NAME = "$(TARGET_NAME)";
			};
			name = Release;
		};
/* End XCBuildConfiguration section */

/* Begin XCConfigurationList section */
		BEF713791E2E65E6007A07C3 /* Build configuration list for PBXProject "Assignment2" */ = {
			isa = XCConfigurationList;
			buildConfigurations = (
				BEF713831E2E65E6007A07C3 /* Debug */,
				BEF713841E2E65E6007A07C3 /* Release */,
			);
			defaultConfigurationIsVisible = 0;
			defaultConfigurationName = Release;
		};
		BEF713851E2E65E6007A07C3 /* Build configuration list for PBXNativeTarget "Assignment2" */ = {
			isa = XCConfigurationList;
			buildConfigurations = (
				BEF713861E2E65E6007A07C3 /* Debug */,
				BEF713871E2E65E6007A07C3 /* Release */,
			);
			defaultConfigurationIsVisible = 0;
			defaultConfigurationName = Release;
		};
		BEF7139B1E2E6772007A07C3 /* Build configuration list for PBXNativeTarget "Assignment2Binary" */ = {
			isa = XCConfigurationList;
			buildConfigurations = (
				BEF7139C1E2E6772007A07C3 /* Debug */,
				BEF7139D1E2E6772007A07C3 /* Release */,
			);
			defaultConfigurationIsVisible = 0;
			defaultConfigurationName = Release;
		};
/* End XCConfigurationList section */
	};
	rootObject = BEF713761E2E65E6007A07C3 /* Project object */;
}
